
Microsoft Visual Studio Solution File, Format Version 12.00
# Visual Studio 15
VisualStudioVersion = 15.0.28307.757
MinimumVisualStudioVersion = 10.0.40219.1
Project("{159641D6-6404-4A2A-AE62-294DE0FE8301}") = "Integration Services ETL", "..\Integration Services ETL\Integration Services ETL.dtproj", "{25667DEF-D488-4867-B251-D7B5107DA95D}"
EndProject
Project("{159641D6-6404-4A2A-AE62-294DE0FE8301}") = "Integration Services WizyWydane", "..\Integration Services WizyWydane\Integration Services WizyWydane.dtproj", "{142CF286-B7B6-4C57-8394-436526508ADD}"
EndProject
Global
	GlobalSection(SolutionConfigurationPlatforms) = preSolution
		Debug|Any CPU = Debug|Any CPU
		Development|Any CPU = Development|Any CPU
		Release|Any CPU = Release|Any CPU
	EndGlobalSection
	GlobalSection(ProjectConfigurationPlatforms) = postSolution
		{25667DEF-D488-4867-B251-D7B5107DA95D}.Debug|Any CPU.ActiveCfg = Development
		{25667DEF-D488-4867-B251-D7B5107DA95D}.Debug|Any CPU.Build.0 = Development
		{25667DEF-D488-4867-B251-D7B5107DA95D}.Development|Any CPU.ActiveCfg = Development
		{25667DEF-D488-4867-B251-D7B5107DA95D}.Development|Any CPU.Build.0 = Development
		{25667DEF-D488-4867-B251-D7B5107DA95D}.Release|Any CPU.ActiveCfg = Development
		{25667DEF-D488-4867-B251-D7B5107DA95D}.Release|Any CPU.Build.0 = Development
		{142CF286-B7B6-4C57-8394-436526508ADD}.Debug|Any CPU.ActiveCfg = Development
		{142CF286-B7B6-4C57-8394-436526508ADD}.Debug|Any CPU.Build.0 = Development
		{142CF286-B7B6-4C57-8394-436526508ADD}.Development|Any CPU.ActiveCfg = Development
		{142CF286-B7B6-4C57-8394-436526508ADD}.Development|Any CPU.Build.0 = Development
		{142CF286-B7B6-4C57-8394-436526508ADD}.Release|Any CPU.ActiveCfg = Development
		{142CF286-B7B6-4C57-8394-436526508ADD}.Release|Any CPU.Build.0 = Development
	EndGlobalSection
	GlobalSection(SolutionProperties) = preSolution
		HideSolutionNode = FALSE
	EndGlobalSection
	GlobalSection(ExtensibilityGlobals) = postSolution
		SolutionGuid = {6AA5127F-1DF1-4656-BFF8-6DF6DF5780B3}
	EndGlobalSection
EndGlobal
